
Microsoft Visual Studio Solution File, Format Version 12.00
# Visual Studio Version 16
VisualStudioVersion = 16.0.29905.134
MinimumVisualStudioVersion = 10.0.40219.1
Project("{FAE04EC0-301F-11D3-BF4B-00C04F79EFBC}") = "AtrinBot", "AtrinBot\AtrinBot.csproj", "{E4E1EEE5-587A-4226-933B-D7501145510E}"
EndProject
Global
	GlobalSection(SolutionConfigurationPlatforms) = preSolution
		Debug|Any CPU = Debug|Any CPU
		Release|Any CPU = Release|Any CPU
	EndGlobalSection
	GlobalSection(ProjectConfigurationPlatforms) = postSolution
		{E4E1EEE5-587A-4226-933B-D7501145510E}.Debug|Any CPU.ActiveCfg = Debug|Any CPU
		{E4E1EEE5-587A-4226-933B-D7501145510E}.Debug|Any CPU.Build.0 = Debug|Any CPU
		{E4E1EEE5-587A-4226-933B-D7501145510E}.Release|Any CPU.ActiveCfg = Release|Any CPU
		{E4E1EEE5-587A-4226-933B-D7501145510E}.Release|Any CPU.Build.0 = Release|Any CPU
	EndGlobalSection
	GlobalSection(SolutionProperties) = preSolution
		HideSolutionNode = FALSE
	EndGlobalSection
	GlobalSection(ExtensibilityGlobals) = postSolution
		SolutionGuid = {BE3CED9F-5B03-4358-A85E-D04FFE42AC68}
	EndGlobalSection
EndGlobal
